
Microsoft Visual Studio Solution File, Format Version 12.00
# Visual Studio 15
VisualStudioVersion = 15.0.27130.2036
MinimumVisualStudioVersion = 10.0.40219.1
Project("{9A19103F-16F7-4668-BE54-9A1E7A4F7556}") = "DgraphNet.Client", "DgraphNet.Client\DgraphNet.Client.csproj", "{0A4CE564-7D12-4FD7-8DC9-9F95F48B13C1}"
EndProject
Project("{2150E333-8FDC-42A3-9474-1A3956D46DE8}") = "Solution Items", "Solution Items", "{A95B3787-6D50-47AA-B619-9E833C3FA4E6}"
	ProjectSection(SolutionItems) = preProject
		.editorconfig = .editorconfig
		.gitignore = .gitignore
		Protos\api.proto = Protos\api.proto
		LICENSE = LICENSE
		nuget.config = nuget.config
		protoc.bat = protoc.bat
		README.md = README.md
		RepositoryInfo.xml = RepositoryInfo.xml
	EndProjectSection
EndProject
Project("{9A19103F-16F7-4668-BE54-9A1E7A4F7556}") = "DgraphNet.Client.Extensions", "DgraphNet.Client.Extensions\DgraphNet.Client.Extensions.csproj", "{5F96873F-6B79-4426-97BB-3B3FD3FBA76D}"
EndProject
Project("{2150E333-8FDC-42A3-9474-1A3956D46DE8}") = "Tests", "Tests", "{DC2B5C33-1AF2-4A48-BE18-0E1E00F60DCA}"
EndProject
Project("{2150E333-8FDC-42A3-9474-1A3956D46DE8}") = "Samples", "Samples", "{029005CF-2034-4278-A9CB-0814B50129D2}"
EndProject
Project("{9A19103F-16F7-4668-BE54-9A1E7A4F7556}") = "DgraphNet.Client.Sample", "Samples\DgraphNet.Client.Sample\DgraphNet.Client.Sample.csproj", "{EB8A57B5-E8D7-4E5D-A398-D50DED683C95}"
EndProject
Project("{2150E333-8FDC-42A3-9474-1A3956D46DE8}") = "Build", "Build", "{AD22EAF1-024C-4D9C-A7FC-A7ACF5A75F36}"
EndProject
Project("{9A19103F-16F7-4668-BE54-9A1E7A4F7556}") = "CodeCakeBuilder", "CodeCakeBuilder\CodeCakeBuilder.csproj", "{D49DC428-5D72-4955-A3A9-DD859E9F884A}"
EndProject
Project("{9A19103F-16F7-4668-BE54-9A1E7A4F7556}") = "DgraphNet.Client.Tests", "Tests\DgraphNet.Client.Tests\DgraphNet.Client.Tests.csproj", "{36340281-DA43-47E9-8BF8-252F4FB8A8DF}"
EndProject
Project("{9A19103F-16F7-4668-BE54-9A1E7A4F7556}") = "DgraphNet.Client.NetCore.Tests", "Tests\DgraphNet.Client.NetCore.Tests\DgraphNet.Client.NetCore.Tests.csproj", "{3E8656DD-14C1-485C-96BA-19B0B31AA88D}"
EndProject
Project("{FAE04EC0-301F-11D3-BF4B-00C04F79EFBC}") = "JSON", "JSON\JSON.csproj", "{5CAC0379-EE22-4CD8-9DBF-D78EF080CF6E}"
EndProject
Global
	GlobalSection(SolutionConfigurationPlatforms) = preSolution
		Debug|Any CPU = Debug|Any CPU
		Release|Any CPU = Release|Any CPU
	EndGlobalSection
	GlobalSection(ProjectConfigurationPlatforms) = postSolution
		{0A4CE564-7D12-4FD7-8DC9-9F95F48B13C1}.Debug|Any CPU.ActiveCfg = Debug|Any CPU
		{0A4CE564-7D12-4FD7-8DC9-9F95F48B13C1}.Debug|Any CPU.Build.0 = Debug|Any CPU
		{0A4CE564-7D12-4FD7-8DC9-9F95F48B13C1}.Release|Any CPU.ActiveCfg = Release|Any CPU
		{0A4CE564-7D12-4FD7-8DC9-9F95F48B13C1}.Release|Any CPU.Build.0 = Release|Any CPU
		{5F96873F-6B79-4426-97BB-3B3FD3FBA76D}.Debug|Any CPU.ActiveCfg = Debug|Any CPU
		{5F96873F-6B79-4426-97BB-3B3FD3FBA76D}.Debug|Any CPU.Build.0 = Debug|Any CPU
		{5F96873F-6B79-4426-97BB-3B3FD3FBA76D}.Release|Any CPU.ActiveCfg = Release|Any CPU
		{5F96873F-6B79-4426-97BB-3B3FD3FBA76D}.Release|Any CPU.Build.0 = Release|Any CPU
		{EB8A57B5-E8D7-4E5D-A398-D50DED683C95}.Debug|Any CPU.ActiveCfg = Debug|Any CPU
		{EB8A57B5-E8D7-4E5D-A398-D50DED683C95}.Debug|Any CPU.Build.0 = Debug|Any CPU
		{EB8A57B5-E8D7-4E5D-A398-D50DED683C95}.Release|Any CPU.ActiveCfg = Release|Any CPU
		{EB8A57B5-E8D7-4E5D-A398-D50DED683C95}.Release|Any CPU.Build.0 = Release|Any CPU
		{D49DC428-5D72-4955-A3A9-DD859E9F884A}.Debug|Any CPU.ActiveCfg = Debug|Any CPU
		{D49DC428-5D72-4955-A3A9-DD859E9F884A}.Debug|Any CPU.Build.0 = Debug|Any CPU
		{D49DC428-5D72-4955-A3A9-DD859E9F884A}.Release|Any CPU.ActiveCfg = Release|Any CPU
		{D49DC428-5D72-4955-A3A9-DD859E9F884A}.Release|Any CPU.Build.0 = Release|Any CPU
		{36340281-DA43-47E9-8BF8-252F4FB8A8DF}.Debug|Any CPU.ActiveCfg = Debug|Any CPU
		{36340281-DA43-47E9-8BF8-252F4FB8A8DF}.Debug|Any CPU.Build.0 = Debug|Any CPU
		{36340281-DA43-47E9-8BF8-252F4FB8A8DF}.Release|Any CPU.ActiveCfg = Release|Any CPU
		{36340281-DA43-47E9-8BF8-252F4FB8A8DF}.Release|Any CPU.Build.0 = Release|Any CPU
		{3E8656DD-14C1-485C-96BA-19B0B31AA88D}.Debug|Any CPU.ActiveCfg = Debug|Any CPU
		{3E8656DD-14C1-485C-96BA-19B0B31AA88D}.Debug|Any CPU.Build.0 = Debug|Any CPU
		{3E8656DD-14C1-485C-96BA-19B0B31AA88D}.Release|Any CPU.ActiveCfg = Release|Any CPU
		{3E8656DD-14C1-485C-96BA-19B0B31AA88D}.Release|Any CPU.Build.0 = Release|Any CPU
		{5CAC0379-EE22-4CD8-9DBF-D78EF080CF6E}.Debug|Any CPU.ActiveCfg = Debug|Any CPU
		{5CAC0379-EE22-4CD8-9DBF-D78EF080CF6E}.Debug|Any CPU.Build.0 = Debug|Any CPU
		{5CAC0379-EE22-4CD8-9DBF-D78EF080CF6E}.Release|Any CPU.ActiveCfg = Release|Any CPU
		{5CAC0379-EE22-4CD8-9DBF-D78EF080CF6E}.Release|Any CPU.Build.0 = Release|Any CPU
	EndGlobalSection
	GlobalSection(SolutionProperties) = preSolution
		HideSolutionNode = FALSE
	EndGlobalSection
	GlobalSection(NestedProjects) = preSolution
		{EB8A57B5-E8D7-4E5D-A398-D50DED683C95} = {029005CF-2034-4278-A9CB-0814B50129D2}
		{D49DC428-5D72-4955-A3A9-DD859E9F884A} = {AD22EAF1-024C-4D9C-A7FC-A7ACF5A75F36}
		{36340281-DA43-47E9-8BF8-252F4FB8A8DF} = {DC2B5C33-1AF2-4A48-BE18-0E1E00F60DCA}
		{3E8656DD-14C1-485C-96BA-19B0B31AA88D} = {DC2B5C33-1AF2-4A48-BE18-0E1E00F60DCA}
	EndGlobalSection
	GlobalSection(ExtensibilityGlobals) = postSolution
		SolutionGuid = {0EE7E911-F61E-45E9-96D1-51B48720B2F9}
	EndGlobalSection
EndGlobal
